Microsoft Visual Studio Solution File, Format Version 12.00
# Visual Studio Version 17
VisualStudioVersion = 17.13.35818.85
MinimumVisualStudioVersion = 10.0.40219.1
Project("{FAE04EC0-301F-11D3-BF4B-00C04F79EFBC}") = "AddDigitalSignature", "AddDigitalSignature.csproj", "{3790CE63-DB43-4F16-8226-BDFEFA25BCDD}"
EndProject
Global
	GlobalSection(SolutionConfigurationPlatforms) = preSolution
		Debug|x64 = Debug|x64
		Release|x64 = Release|x64
	EndGlobalSection
	GlobalSection(ProjectConfigurationPlatforms) = postSolution
		{3790CE63-DB43-4F16-8226-BDFEFA25BCDD}.Debug|x64.ActiveCfg = Debug|x64
		{3790CE63-DB43-4F16-8226-BDFEFA25BCDD}.Debug|x64.Build.0 = Debug|x64
		{3790CE63-DB43-4F16-8226-BDFEFA25BCDD}.Release|x64.ActiveCfg = Release|x64
		{3790CE63-DB43-4F16-8226-BDFEFA25BCDD}.Release|x64.Build.0 = Release|x64
	EndGlobalSection
	GlobalSection(SolutionProperties) = preSolution
		HideSolutionNode = FALSE
	EndGlobalSection
	GlobalSection(ExtensibilityGlobals) = postSolution
		SolutionGuid = {08DC1B85-4756-4272-B76A-197A8E79394D}
	EndGlobalSection
EndGlobal
