Microsoft Visual Studio Solution File, Format Version 12.00
# Visual Studio Version 16
VisualStudioVersion = 16.0.33328.57
MinimumVisualStudioVersion = 10.0.40219.1
Project("{FAE04EC0-301F-11D3-BF4B-00C04F79EFBC}") = "DotNETViewer", "DotNETViewer.csproj", "{66238892-38C6-40CF-B50C-3B9F8D449B80}"
	ProjectSection(ProjectDependencies) = postProject
		{4820C609-0261-4D9D-93AA-A231FA70151D} = {4820C609-0261-4D9D-93AA-A231FA70151D}
	EndProjectSection
EndProject
Project("{FAE04EC0-301F-11D3-BF4B-00C04F79EFBC}") = "DotNETViewerComponent", "..\DotNETViewerComponent\DotNETViewerComponent.csproj", "{4820C609-0261-4D9D-93AA-A231FA70151D}"
EndProject
Global
	GlobalSection(SolutionConfigurationPlatforms) = preSolution
		Debug|x64 = Debug|x64
		Release|x64 = Release|x64
	EndGlobalSection
	GlobalSection(ProjectConfigurationPlatforms) = postSolution
		{66238892-38C6-40CF-B50C-3B9F8D449B80}.Debug|x64.ActiveCfg = Debug|x64
		{66238892-38C6-40CF-B50C-3B9F8D449B80}.Debug|x64.Build.0 = Debug|x64
		{66238892-38C6-40CF-B50C-3B9F8D449B80}.Release|x64.ActiveCfg = Release|x64
		{66238892-38C6-40CF-B50C-3B9F8D449B80}.Release|x64.Build.0 = Release|x64
		{4820C609-0261-4D9D-93AA-A231FA70151D}.Debug|x64.ActiveCfg = Debug|x64
		{4820C609-0261-4D9D-93AA-A231FA70151D}.Debug|x64.Build.0 = Debug|x64
		{4820C609-0261-4D9D-93AA-A231FA70151D}.Release|x64.ActiveCfg = Release|x64
		{4820C609-0261-4D9D-93AA-A231FA70151D}.Release|x64.Build.0 = Release|x64
	EndGlobalSection
	GlobalSection(SolutionProperties) = preSolution
		HideSolutionNode = FALSE
	EndGlobalSection
	GlobalSection(ExtensibilityGlobals) = postSolution
		SolutionGuid = {CEA60573-4A7F-49A3-8EC5-6DCC54E2E30B}
	EndGlobalSection
EndGlobal
